
Microsoft Visual Studio Solution File, Format Version 12.00
# Visual Studio 15
Project("{FAE04EC0-301F-11D3-BF4B-00C04F79EFBC}") = "Exam2017University", "Exam2017University\Exam2017University.csproj", "{60A7EAD0-84B2-4389-8F58-2D2E52E3EDC3}"
EndProject
Project("{FAE04EC0-301F-11D3-BF4B-00C04F79EFBC}") = "Exam2018University", "Exam2018University\Exam2018University.csproj", "{A581E9A1-2E54-4F94-A3AF-0038360479FD}"
EndProject
Global
	GlobalSection(SolutionConfigurationPlatforms) = preSolution
		Debug|Any CPU = Debug|Any CPU
		Release|Any CPU = Release|Any CPU
	EndGlobalSection
	GlobalSection(ProjectConfigurationPlatforms) = postSolution
		{60A7EAD0-84B2-4389-8F58-2D2E52E3EDC3}.Debug|Any CPU.ActiveCfg = Debug|Any CPU
		{60A7EAD0-84B2-4389-8F58-2D2E52E3EDC3}.Debug|Any CPU.Build.0 = Debug|Any CPU
		{60A7EAD0-84B2-4389-8F58-2D2E52E3EDC3}.Release|Any CPU.ActiveCfg = Release|Any CPU
		{60A7EAD0-84B2-4389-8F58-2D2E52E3EDC3}.Release|Any CPU.Build.0 = Release|Any CPU
		{A581E9A1-2E54-4F94-A3AF-0038360479FD}.Debug|Any CPU.ActiveCfg = Debug|Any CPU
		{A581E9A1-2E54-4F94-A3AF-0038360479FD}.Debug|Any CPU.Build.0 = Debug|Any CPU
		{A581E9A1-2E54-4F94-A3AF-0038360479FD}.Release|Any CPU.ActiveCfg = Release|Any CPU
		{A581E9A1-2E54-4F94-A3AF-0038360479FD}.Release|Any CPU.Build.0 = Release|Any CPU
	EndGlobalSection
EndGlobal
