
Microsoft Visual Studio Solution File, Format Version 12.00
# Visual Studio 15
Project("{FAE04EC0-301F-11D3-BF4B-00C04F79EFBC}") = "GraduationPart2", "GraduationPart2.csproj", "{AEAB0876-5B71-41D1-B525-A933DF74A5F5}"
EndProject
Global
	GlobalSection(SolutionConfigurationPlatforms) = preSolution
		Debug|Any CPU = Debug|Any CPU
		Release|Any CPU = Release|Any CPU
	EndGlobalSection
	GlobalSection(ProjectConfigurationPlatforms) = postSolution
		{AEAB0876-5B71-41D1-B525-A933DF74A5F5}.Debug|Any CPU.ActiveCfg = Debug|Any CPU
		{AEAB0876-5B71-41D1-B525-A933DF74A5F5}.Debug|Any CPU.Build.0 = Debug|Any CPU
		{AEAB0876-5B71-41D1-B525-A933DF74A5F5}.Release|Any CPU.ActiveCfg = Release|Any CPU
		{AEAB0876-5B71-41D1-B525-A933DF74A5F5}.Release|Any CPU.Build.0 = Release|Any CPU
	EndGlobalSection
EndGlobal
