
Microsoft Visual Studio Solution File, Format Version 12.00
# Visual Studio 15
Project("{FAE04EC0-301F-11D3-BF4B-00C04F79EFBC}") = "01.HelloSoftUni", "HelloSoftUni\01.HelloSoftUni.csproj", "{0FE3C3FC-E71A-47A1-8084-98CFA0FC8BFF}"
EndProject
Project("{FAE04EC0-301F-11D3-BF4B-00C04F79EFBC}") = "02.Expression", "Expression\02.Expression.csproj", "{A2A53108-E557-4D70-8861-14BA50717D7B}"
EndProject
Project("{FAE04EC0-301F-11D3-BF4B-00C04F79EFBC}") = "03.Nums1To20", "Nums1To20\03.Nums1To20.csproj", "{658F43F3-9C2A-419D-B38A-9DC1B76DA95B}"
EndProject
Project("{FAE04EC0-301F-11D3-BF4B-00C04F79EFBC}") = "04.RectangleArea", "RectangleArea\04.RectangleArea.csproj", "{73CE3DE7-A6B7-4EFF-9029-A8F2F567E552}"
EndProject
Global
	GlobalSection(SolutionConfigurationPlatforms) = preSolution
		Debug|Any CPU = Debug|Any CPU
		Release|Any CPU = Release|Any CPU
	EndGlobalSection
	GlobalSection(ProjectConfigurationPlatforms) = postSolution
		{0FE3C3FC-E71A-47A1-8084-98CFA0FC8BFF}.Debug|Any CPU.ActiveCfg = Debug|Any CPU
		{0FE3C3FC-E71A-47A1-8084-98CFA0FC8BFF}.Debug|Any CPU.Build.0 = Debug|Any CPU
		{0FE3C3FC-E71A-47A1-8084-98CFA0FC8BFF}.Release|Any CPU.ActiveCfg = Release|Any CPU
		{0FE3C3FC-E71A-47A1-8084-98CFA0FC8BFF}.Release|Any CPU.Build.0 = Release|Any CPU
		{A2A53108-E557-4D70-8861-14BA50717D7B}.Debug|Any CPU.ActiveCfg = Debug|Any CPU
		{A2A53108-E557-4D70-8861-14BA50717D7B}.Debug|Any CPU.Build.0 = Debug|Any CPU
		{A2A53108-E557-4D70-8861-14BA50717D7B}.Release|Any CPU.ActiveCfg = Release|Any CPU
		{A2A53108-E557-4D70-8861-14BA50717D7B}.Release|Any CPU.Build.0 = Release|Any CPU
		{658F43F3-9C2A-419D-B38A-9DC1B76DA95B}.Debug|Any CPU.ActiveCfg = Debug|Any CPU
		{658F43F3-9C2A-419D-B38A-9DC1B76DA95B}.Debug|Any CPU.Build.0 = Debug|Any CPU
		{658F43F3-9C2A-419D-B38A-9DC1B76DA95B}.Release|Any CPU.ActiveCfg = Release|Any CPU
		{658F43F3-9C2A-419D-B38A-9DC1B76DA95B}.Release|Any CPU.Build.0 = Release|Any CPU
		{73CE3DE7-A6B7-4EFF-9029-A8F2F567E552}.Debug|Any CPU.ActiveCfg = Debug|Any CPU
		{73CE3DE7-A6B7-4EFF-9029-A8F2F567E552}.Debug|Any CPU.Build.0 = Debug|Any CPU
		{73CE3DE7-A6B7-4EFF-9029-A8F2F567E552}.Release|Any CPU.ActiveCfg = Release|Any CPU
		{73CE3DE7-A6B7-4EFF-9029-A8F2F567E552}.Release|Any CPU.Build.0 = Release|Any CPU
	EndGlobalSection
EndGlobal
