
Microsoft Visual Studio Solution File, Format Version 12.00
# Visual Studio 15
Project("{FAE04EC0-301F-11D3-BF4B-00C04F79EFBC}") = "MyFirstText", "MyFirstText\MyFirstText.csproj", "{80E425C2-F2E6-40B8-81EB-35546CD6B939}"
EndProject
Global
	GlobalSection(SolutionConfigurationPlatforms) = preSolution
		Debug|Any CPU = Debug|Any CPU
		Release|Any CPU = Release|Any CPU
	EndGlobalSection
	GlobalSection(ProjectConfigurationPlatforms) = postSolution
		{80E425C2-F2E6-40B8-81EB-35546CD6B939}.Debug|Any CPU.ActiveCfg = Debug|Any CPU
		{80E425C2-F2E6-40B8-81EB-35546CD6B939}.Debug|Any CPU.Build.0 = Debug|Any CPU
		{80E425C2-F2E6-40B8-81EB-35546CD6B939}.Release|Any CPU.ActiveCfg = Release|Any CPU
		{80E425C2-F2E6-40B8-81EB-35546CD6B939}.Release|Any CPU.Build.0 = Release|Any CPU
	EndGlobalSection
EndGlobal
