
Microsoft Visual Studio Solution File, Format Version 12.00
# Visual Studio 15
Project("{FAE04EC0-301F-11D3-BF4B-00C04F79EFBC}") = "01.UniquePINCodes", "01.UniquePINCodes\01.UniquePINCodes.csproj", "{DE54BE6E-024E-438B-962C-1436D34C1DCA}"
EndProject
Global
	GlobalSection(SolutionConfigurationPlatforms) = preSolution
		Debug|Any CPU = Debug|Any CPU
		Release|Any CPU = Release|Any CPU
	EndGlobalSection
	GlobalSection(ProjectConfigurationPlatforms) = postSolution
		{DE54BE6E-024E-438B-962C-1436D34C1DCA}.Debug|Any CPU.ActiveCfg = Debug|Any CPU
		{DE54BE6E-024E-438B-962C-1436D34C1DCA}.Debug|Any CPU.Build.0 = Debug|Any CPU
		{DE54BE6E-024E-438B-962C-1436D34C1DCA}.Release|Any CPU.ActiveCfg = Release|Any CPU
		{DE54BE6E-024E-438B-962C-1436D34C1DCA}.Release|Any CPU.Build.0 = Release|Any CPU
	EndGlobalSection
EndGlobal
