
Microsoft Visual Studio Solution File, Format Version 12.00
# Visual Studio 15
Project("{FAE04EC0-301F-11D3-BF4B-00C04F79EFBC}") = "01.SortNumbers", "01.SortNumbers\01.SortNumbers.csproj", "{409CC817-6552-43A8-A44E-69DA84990A99}"
EndProject
Project("{FAE04EC0-301F-11D3-BF4B-00C04F79EFBC}") = "02.EnglishNameOfTheLastDigit", "02.EnglishNameOfTheLastDigit\02.EnglishNameOfTheLastDigit.csproj", "{EDBCB975-D9D1-4D31-9413-B51980779CCD}"
EndProject
Project("{FAE04EC0-301F-11D3-BF4B-00C04F79EFBC}") = "03.GamingStore", "03.GamingStore\03.GamingStore.csproj", "{B297BD69-C077-4798-9514-C3944C4B0B08}"
EndProject
Project("{FAE04EC0-301F-11D3-BF4B-00C04F79EFBC}") = "04.ReverseString", "04.ReverseString\04.ReverseString.csproj", "{8EE3F017-8117-4616-8C17-DB6F92FED912}"
EndProject
Global
	GlobalSection(SolutionConfigurationPlatforms) = preSolution
		Debug|Any CPU = Debug|Any CPU
		Release|Any CPU = Release|Any CPU
	EndGlobalSection
	GlobalSection(ProjectConfigurationPlatforms) = postSolution
		{409CC817-6552-43A8-A44E-69DA84990A99}.Debug|Any CPU.ActiveCfg = Debug|Any CPU
		{409CC817-6552-43A8-A44E-69DA84990A99}.Debug|Any CPU.Build.0 = Debug|Any CPU
		{409CC817-6552-43A8-A44E-69DA84990A99}.Release|Any CPU.ActiveCfg = Release|Any CPU
		{409CC817-6552-43A8-A44E-69DA84990A99}.Release|Any CPU.Build.0 = Release|Any CPU
		{EDBCB975-D9D1-4D31-9413-B51980779CCD}.Debug|Any CPU.ActiveCfg = Debug|Any CPU
		{EDBCB975-D9D1-4D31-9413-B51980779CCD}.Debug|Any CPU.Build.0 = Debug|Any CPU
		{EDBCB975-D9D1-4D31-9413-B51980779CCD}.Release|Any CPU.ActiveCfg = Release|Any CPU
		{EDBCB975-D9D1-4D31-9413-B51980779CCD}.Release|Any CPU.Build.0 = Release|Any CPU
		{B297BD69-C077-4798-9514-C3944C4B0B08}.Debug|Any CPU.ActiveCfg = Debug|Any CPU
		{B297BD69-C077-4798-9514-C3944C4B0B08}.Debug|Any CPU.Build.0 = Debug|Any CPU
		{B297BD69-C077-4798-9514-C3944C4B0B08}.Release|Any CPU.ActiveCfg = Release|Any CPU
		{B297BD69-C077-4798-9514-C3944C4B0B08}.Release|Any CPU.Build.0 = Release|Any CPU
		{8EE3F017-8117-4616-8C17-DB6F92FED912}.Debug|Any CPU.ActiveCfg = Debug|Any CPU
		{8EE3F017-8117-4616-8C17-DB6F92FED912}.Debug|Any CPU.Build.0 = Debug|Any CPU
		{8EE3F017-8117-4616-8C17-DB6F92FED912}.Release|Any CPU.ActiveCfg = Release|Any CPU
		{8EE3F017-8117-4616-8C17-DB6F92FED912}.Release|Any CPU.Build.0 = Release|Any CPU
	EndGlobalSection
EndGlobal
