
Microsoft Visual Studio Solution File, Format Version 12.00
# Visual Studio 15
Project("{FAE04EC0-301F-11D3-BF4B-00C04F79EFBC}") = "ExcellentResult", "ExcellentResult\ExcellentResult.csproj", "{8D119231-8E82-44EB-8DEE-B44A80B3A67D}"
EndProject
Project("{FAE04EC0-301F-11D3-BF4B-00C04F79EFBC}") = "GreaterNumber", "GreaterNumber\GreaterNumber.csproj", "{06ABB4B3-9461-4FBB-8AA5-94CBC845FC0E}"
EndProject
Project("{FAE04EC0-301F-11D3-BF4B-00C04F79EFBC}") = "EvenOrOdd", "EvenOrOdd\EvenOrOdd.csproj", "{944D0412-3018-4AFA-8F2E-E8CBACE6B364}"
EndProject
Project("{FAE04EC0-301F-11D3-BF4B-00C04F79EFBC}") = "Number1-9ToText", "Number1-9ToText\Number1-9ToText.csproj", "{E40171F0-7028-4840-8021-6FF473CBA83C}"
EndProject
Project("{FAE04EC0-301F-11D3-BF4B-00C04F79EFBC}") = "ThreeEqualNumbers", "ThreeEqualNumbers\ThreeEqualNumbers.csproj", "{40F757F8-C2B8-4B12-A471-D76F6C43DE8E}"
EndProject
Project("{FAE04EC0-301F-11D3-BF4B-00C04F79EFBC}") = "Number100To200", "Number100To200\Number100To200.csproj", "{F1E22935-D52C-4AB5-BE16-83EEFB61EE5E}"
EndProject
Project("{FAE04EC0-301F-11D3-BF4B-00C04F79EFBC}") = "GuessThePassword", "GuessThePassword\GuessThePassword.csproj", "{45B2310A-A792-4724-B91A-E3509661DFAA}"
EndProject
Project("{FAE04EC0-301F-11D3-BF4B-00C04F79EFBC}") = "EqualWords", "EqualWords\EqualWords.csproj", "{74EF0C55-74C0-4A5D-9BB6-256C48E8FC44}"
EndProject
Project("{FAE04EC0-301F-11D3-BF4B-00C04F79EFBC}") = "AreaOfFigures", "AreaOfFigures\AreaOfFigures.csproj", "{CF8465A6-0369-4C93-A4C6-DF3B2B602F08}"
EndProject
Project("{FAE04EC0-301F-11D3-BF4B-00C04F79EFBC}") = "DayOfWeek", "DayOfWeek\DayOfWeek.csproj", "{1C13AC01-DF66-4631-9841-32F073751173}"
EndProject
Project("{FAE04EC0-301F-11D3-BF4B-00C04F79EFBC}") = "AnimalType", "AnimalType\AnimalType.csproj", "{A0A0A814-5F72-4883-95AE-E75D8FEEF830}"
EndProject
Project("{FAE04EC0-301F-11D3-BF4B-00C04F79EFBC}") = "ToyShop", "ToyShop\ToyShop.csproj", "{804B0546-91FE-402F-AD6F-8A37F0A71440}"
EndProject
Project("{FAE04EC0-301F-11D3-BF4B-00C04F79EFBC}") = "01.SumSeconds", "01.SumSeconds\01.SumSeconds.csproj", "{2B5CBFDC-4AEA-41E5-9C85-94D778A67912}"
EndProject
Project("{FAE04EC0-301F-11D3-BF4B-00C04F79EFBC}") = "02.BonusScore", "02.BonusPoints\02.BonusScore.csproj", "{DAEA265A-B01F-44EC-9BE4-73E2CBBCF4E6}"
EndProject
Project("{FAE04EC0-301F-11D3-BF4B-00C04F79EFBC}") = "03.SpeedInfo", "03.SpeedInfo\03.SpeedInfo.csproj", "{44F1723D-04B7-4806-80DD-7929ED097A55}"
EndProject
Project("{FAE04EC0-301F-11D3-BF4B-00C04F79EFBC}") = "04.MetricConverter", "04.MetricConverter\04.MetricConverter.csproj", "{F9EDB3B5-4B75-4D1B-91E7-E72A7E5787CC}"
EndProject
Project("{FAE04EC0-301F-11D3-BF4B-00C04F79EFBC}") = "05.TimePlus15Minutes", "TimePlus15Minutes\05.TimePlus15Minutes.csproj", "{AD1B57C8-3A9B-4F4A-AE70-86F72A9A89EC}"
EndProject
Project("{FAE04EC0-301F-11D3-BF4B-00C04F79EFBC}") = "08.Scolarship", "08.Scolarship\08.Scolarship.csproj", "{C55434DA-02B3-49E7-8215-0BE2FA985999}"
EndProject
Project("{FAE04EC0-301F-11D3-BF4B-00C04F79EFBC}") = "06.GodzillaVsKong", "GodzillaVsKong\06.GodzillaVsKong.csproj", "{16F1628F-AA66-4CEA-8296-D97AC1D233AF}"
EndProject
Project("{FAE04EC0-301F-11D3-BF4B-00C04F79EFBC}") = "07.WorldSwimmingRecord", "WorldSwimmingRecord\07.WorldSwimmingRecord.csproj", "{31D7EAC5-7DF0-4452-86D6-BB6B710AD624}"
EndProject
Project("{FAE04EC0-301F-11D3-BF4B-00C04F79EFBC}") = "debug", "debug\debug.csproj", "{1F333F3F-892F-48B6-89D5-6D44AD2B0EC9}"
EndProject
Global
	GlobalSection(SolutionConfigurationPlatforms) = preSolution
		Debug|Any CPU = Debug|Any CPU
		Release|Any CPU = Release|Any CPU
	EndGlobalSection
	GlobalSection(ProjectConfigurationPlatforms) = postSolution
		{8D119231-8E82-44EB-8DEE-B44A80B3A67D}.Debug|Any CPU.ActiveCfg = Debug|Any CPU
		{8D119231-8E82-44EB-8DEE-B44A80B3A67D}.Debug|Any CPU.Build.0 = Debug|Any CPU
		{8D119231-8E82-44EB-8DEE-B44A80B3A67D}.Release|Any CPU.ActiveCfg = Release|Any CPU
		{8D119231-8E82-44EB-8DEE-B44A80B3A67D}.Release|Any CPU.Build.0 = Release|Any CPU
		{06ABB4B3-9461-4FBB-8AA5-94CBC845FC0E}.Debug|Any CPU.ActiveCfg = Debug|Any CPU
		{06ABB4B3-9461-4FBB-8AA5-94CBC845FC0E}.Debug|Any CPU.Build.0 = Debug|Any CPU
		{06ABB4B3-9461-4FBB-8AA5-94CBC845FC0E}.Release|Any CPU.ActiveCfg = Release|Any CPU
		{06ABB4B3-9461-4FBB-8AA5-94CBC845FC0E}.Release|Any CPU.Build.0 = Release|Any CPU
		{944D0412-3018-4AFA-8F2E-E8CBACE6B364}.Debug|Any CPU.ActiveCfg = Debug|Any CPU
		{944D0412-3018-4AFA-8F2E-E8CBACE6B364}.Debug|Any CPU.Build.0 = Debug|Any CPU
		{944D0412-3018-4AFA-8F2E-E8CBACE6B364}.Release|Any CPU.ActiveCfg = Release|Any CPU
		{944D0412-3018-4AFA-8F2E-E8CBACE6B364}.Release|Any CPU.Build.0 = Release|Any CPU
		{E40171F0-7028-4840-8021-6FF473CBA83C}.Debug|Any CPU.ActiveCfg = Debug|Any CPU
		{E40171F0-7028-4840-8021-6FF473CBA83C}.Debug|Any CPU.Build.0 = Debug|Any CPU
		{E40171F0-7028-4840-8021-6FF473CBA83C}.Release|Any CPU.ActiveCfg = Release|Any CPU
		{E40171F0-7028-4840-8021-6FF473CBA83C}.Release|Any CPU.Build.0 = Release|Any CPU
		{40F757F8-C2B8-4B12-A471-D76F6C43DE8E}.Debug|Any CPU.ActiveCfg = Debug|Any CPU
		{40F757F8-C2B8-4B12-A471-D76F6C43DE8E}.Debug|Any CPU.Build.0 = Debug|Any CPU
		{40F757F8-C2B8-4B12-A471-D76F6C43DE8E}.Release|Any CPU.ActiveCfg = Release|Any CPU
		{40F757F8-C2B8-4B12-A471-D76F6C43DE8E}.Release|Any CPU.Build.0 = Release|Any CPU
		{F1E22935-D52C-4AB5-BE16-83EEFB61EE5E}.Debug|Any CPU.ActiveCfg = Debug|Any CPU
		{F1E22935-D52C-4AB5-BE16-83EEFB61EE5E}.Debug|Any CPU.Build.0 = Debug|Any CPU
		{F1E22935-D52C-4AB5-BE16-83EEFB61EE5E}.Release|Any CPU.ActiveCfg = Release|Any CPU
		{F1E22935-D52C-4AB5-BE16-83EEFB61EE5E}.Release|Any CPU.Build.0 = Release|Any CPU
		{45B2310A-A792-4724-B91A-E3509661DFAA}.Debug|Any CPU.ActiveCfg = Debug|Any CPU
		{45B2310A-A792-4724-B91A-E3509661DFAA}.Debug|Any CPU.Build.0 = Debug|Any CPU
		{45B2310A-A792-4724-B91A-E3509661DFAA}.Release|Any CPU.ActiveCfg = Release|Any CPU
		{45B2310A-A792-4724-B91A-E3509661DFAA}.Release|Any CPU.Build.0 = Release|Any CPU
		{74EF0C55-74C0-4A5D-9BB6-256C48E8FC44}.Debug|Any CPU.ActiveCfg = Debug|Any CPU
		{74EF0C55-74C0-4A5D-9BB6-256C48E8FC44}.Debug|Any CPU.Build.0 = Debug|Any CPU
		{74EF0C55-74C0-4A5D-9BB6-256C48E8FC44}.Release|Any CPU.ActiveCfg = Release|Any CPU
		{74EF0C55-74C0-4A5D-9BB6-256C48E8FC44}.Release|Any CPU.Build.0 = Release|Any CPU
		{CF8465A6-0369-4C93-A4C6-DF3B2B602F08}.Debug|Any CPU.ActiveCfg = Debug|Any CPU
		{CF8465A6-0369-4C93-A4C6-DF3B2B602F08}.Debug|Any CPU.Build.0 = Debug|Any CPU
		{CF8465A6-0369-4C93-A4C6-DF3B2B602F08}.Release|Any CPU.ActiveCfg = Release|Any CPU
		{CF8465A6-0369-4C93-A4C6-DF3B2B602F08}.Release|Any CPU.Build.0 = Release|Any CPU
		{1C13AC01-DF66-4631-9841-32F073751173}.Debug|Any CPU.ActiveCfg = Debug|Any CPU
		{1C13AC01-DF66-4631-9841-32F073751173}.Debug|Any CPU.Build.0 = Debug|Any CPU
		{1C13AC01-DF66-4631-9841-32F073751173}.Release|Any CPU.ActiveCfg = Release|Any CPU
		{1C13AC01-DF66-4631-9841-32F073751173}.Release|Any CPU.Build.0 = Release|Any CPU
		{A0A0A814-5F72-4883-95AE-E75D8FEEF830}.Debug|Any CPU.ActiveCfg = Debug|Any CPU
		{A0A0A814-5F72-4883-95AE-E75D8FEEF830}.Debug|Any CPU.Build.0 = Debug|Any CPU
		{A0A0A814-5F72-4883-95AE-E75D8FEEF830}.Release|Any CPU.ActiveCfg = Release|Any CPU
		{A0A0A814-5F72-4883-95AE-E75D8FEEF830}.Release|Any CPU.Build.0 = Release|Any CPU
		{804B0546-91FE-402F-AD6F-8A37F0A71440}.Debug|Any CPU.ActiveCfg = Debug|Any CPU
		{804B0546-91FE-402F-AD6F-8A37F0A71440}.Debug|Any CPU.Build.0 = Debug|Any CPU
		{804B0546-91FE-402F-AD6F-8A37F0A71440}.Release|Any CPU.ActiveCfg = Release|Any CPU
		{804B0546-91FE-402F-AD6F-8A37F0A71440}.Release|Any CPU.Build.0 = Release|Any CPU
		{2B5CBFDC-4AEA-41E5-9C85-94D778A67912}.Debug|Any CPU.ActiveCfg = Debug|Any CPU
		{2B5CBFDC-4AEA-41E5-9C85-94D778A67912}.Debug|Any CPU.Build.0 = Debug|Any CPU
		{2B5CBFDC-4AEA-41E5-9C85-94D778A67912}.Release|Any CPU.ActiveCfg = Release|Any CPU
		{2B5CBFDC-4AEA-41E5-9C85-94D778A67912}.Release|Any CPU.Build.0 = Release|Any CPU
		{DAEA265A-B01F-44EC-9BE4-73E2CBBCF4E6}.Debug|Any CPU.ActiveCfg = Debug|Any CPU
		{DAEA265A-B01F-44EC-9BE4-73E2CBBCF4E6}.Debug|Any CPU.Build.0 = Debug|Any CPU
		{DAEA265A-B01F-44EC-9BE4-73E2CBBCF4E6}.Release|Any CPU.ActiveCfg = Release|Any CPU
		{DAEA265A-B01F-44EC-9BE4-73E2CBBCF4E6}.Release|Any CPU.Build.0 = Release|Any CPU
		{44F1723D-04B7-4806-80DD-7929ED097A55}.Debug|Any CPU.ActiveCfg = Debug|Any CPU
		{44F1723D-04B7-4806-80DD-7929ED097A55}.Debug|Any CPU.Build.0 = Debug|Any CPU
		{44F1723D-04B7-4806-80DD-7929ED097A55}.Release|Any CPU.ActiveCfg = Release|Any CPU
		{44F1723D-04B7-4806-80DD-7929ED097A55}.Release|Any CPU.Build.0 = Release|Any CPU
		{F9EDB3B5-4B75-4D1B-91E7-E72A7E5787CC}.Debug|Any CPU.ActiveCfg = Debug|Any CPU
		{F9EDB3B5-4B75-4D1B-91E7-E72A7E5787CC}.Debug|Any CPU.Build.0 = Debug|Any CPU
		{F9EDB3B5-4B75-4D1B-91E7-E72A7E5787CC}.Release|Any CPU.ActiveCfg = Release|Any CPU
		{F9EDB3B5-4B75-4D1B-91E7-E72A7E5787CC}.Release|Any CPU.Build.0 = Release|Any CPU
		{AD1B57C8-3A9B-4F4A-AE70-86F72A9A89EC}.Debug|Any CPU.ActiveCfg = Debug|Any CPU
		{AD1B57C8-3A9B-4F4A-AE70-86F72A9A89EC}.Debug|Any CPU.Build.0 = Debug|Any CPU
		{AD1B57C8-3A9B-4F4A-AE70-86F72A9A89EC}.Release|Any CPU.ActiveCfg = Release|Any CPU
		{AD1B57C8-3A9B-4F4A-AE70-86F72A9A89EC}.Release|Any CPU.Build.0 = Release|Any CPU
		{C55434DA-02B3-49E7-8215-0BE2FA985999}.Debug|Any CPU.ActiveCfg = Debug|Any CPU
		{C55434DA-02B3-49E7-8215-0BE2FA985999}.Debug|Any CPU.Build.0 = Debug|Any CPU
		{C55434DA-02B3-49E7-8215-0BE2FA985999}.Release|Any CPU.ActiveCfg = Release|Any CPU
		{C55434DA-02B3-49E7-8215-0BE2FA985999}.Release|Any CPU.Build.0 = Release|Any CPU
		{16F1628F-AA66-4CEA-8296-D97AC1D233AF}.Debug|Any CPU.ActiveCfg = Debug|Any CPU
		{16F1628F-AA66-4CEA-8296-D97AC1D233AF}.Debug|Any CPU.Build.0 = Debug|Any CPU
		{16F1628F-AA66-4CEA-8296-D97AC1D233AF}.Release|Any CPU.ActiveCfg = Release|Any CPU
		{16F1628F-AA66-4CEA-8296-D97AC1D233AF}.Release|Any CPU.Build.0 = Release|Any CPU
		{31D7EAC5-7DF0-4452-86D6-BB6B710AD624}.Debug|Any CPU.ActiveCfg = Debug|Any CPU
		{31D7EAC5-7DF0-4452-86D6-BB6B710AD624}.Debug|Any CPU.Build.0 = Debug|Any CPU
		{31D7EAC5-7DF0-4452-86D6-BB6B710AD624}.Release|Any CPU.ActiveCfg = Release|Any CPU
		{31D7EAC5-7DF0-4452-86D6-BB6B710AD624}.Release|Any CPU.Build.0 = Release|Any CPU
		{1F333F3F-892F-48B6-89D5-6D44AD2B0EC9}.Debug|Any CPU.ActiveCfg = Debug|Any CPU
		{1F333F3F-892F-48B6-89D5-6D44AD2B0EC9}.Debug|Any CPU.Build.0 = Debug|Any CPU
		{1F333F3F-892F-48B6-89D5-6D44AD2B0EC9}.Release|Any CPU.ActiveCfg = Release|Any CPU
		{1F333F3F-892F-48B6-89D5-6D44AD2B0EC9}.Release|Any CPU.Build.0 = Release|Any CPU
	EndGlobalSection
EndGlobal
